// !$*UTF8*$!
{
	archiveVersion = 1;
	classes = {
	};
	objectVersion = 56;
	objects = {

/* Begin PBXBuildFile section */
		CE060C6D2CBA189800F02D0F /* Exam1012App.swift in Sources */ = {isa = PBXBuildFile; fileRef = CE060C6C2CBA189800F02D0F /* Exam1012App.swift */; };
		CE060C6F2CBA189800F02D0F /* ContentView.swift in Sources */ = {isa = PBXBuildFile; fileRef = CE060C6E2CBA189800F02D0F /* ContentView.swift */; };
		CE060C712CBA189A00F02D0F /* Assets.xcassets in Resources */ = {isa = PBXBuildFile; fileRef = CE060C702CBA189A00F02D0F /* Assets.xcassets */; };
		CE060C742CBA189A00F02D0F /* Preview Assets.xcassets in Resources */ = {isa = PBXBuildFile; fileRef = CE060C732CBA189A00F02D0F /* Preview Assets.xcassets */; };
		CE060C7E2CBA189A00F02D0F /* Exam1012Tests.swift in Sources */ = {isa = PBXBuildFile; fileRef = CE060C7D2CBA189A00F02D0F /* Exam1012Tests.swift */; };
		CE060C882CBA189B00F02D0F /* Exam1012UITests.swift in Sources */ = {isa = PBXBuildFile; fileRef = CE060C872CBA189B00F02D0F /* Exam1012UITests.swift */; };
		CE060C8A2CBA189B00F02D0F /* Exam1012UITestsLaunchTests.swift in Sources */ = {isa = PBXBuildFile; fileRef = CE060C892CBA189B00F02D0F /* Exam1012UITestsLaunchTests.swift */; };
/* End PBXBuildFile section */

/* Begin PBXContainerItemProxy section */
		CE060C7A2CBA189A00F02D0F /* PBXContainerItemProxy */ = {
			isa = PBXContainerItemProxy;
			containerPortal = CE060C612CBA189800F02D0F /* Project object */;
			proxyType = 1;
			remoteGlobalIDString = CE060C682CBA189800F02D0F;
			remoteInfo = Exam1012;
		};
		CE060C842CBA189B00F02D0F /* PBXContainerItemProxy */ = {
			isa = PBXContainerItemProxy;
			containerPortal = CE060C612CBA189800F02D0F /* Project object */;
			proxyType = 1;
			remoteGlobalIDString = CE060C682CBA189800F02D0F;
			remoteInfo = Exam1012;
		};
/* End PBXContainerItemProxy section */

/* Begin PBXFileReference section */
		CE060C692CBA189800F02D0F /* Exam1012.app */ = {isa = PBXFileReference; explicitFileType = wrapper.application; includeInIndex = 0; path = Exam1012.app; sourceTree = BUILT_PRODUCTS_DIR; };
		CE060C6C2CBA189800F02D0F /* Exam1012App.swift */ = {isa = PBXFileReference; lastKnownFileType = sourcecode.swift; path = Exam1012App.swift; sourceTree = "<group>"; };
		CE060C6E2CBA189800F02D0F /* ContentView.swift */ = {isa = PBXFileReference; lastKnownFileType = sourcecode.swift; path = ContentView.swift; sourceTree = "<group>"; };
		CE060C702CBA189A00F02D0F /* Assets.xcassets */ = {isa = PBXFileReference; lastKnownFileType = folder.assetcatalog; path = Assets.xcassets; sourceTree = "<group>"; };
		CE060C732CBA189A00F02D0F /* Preview Assets.xcassets */ = {isa = PBXFileReference; lastKnownFileType = folder.assetcatalog; path = "Preview Assets.xcassets"; sourceTree = "<group>"; };
		CE060C792CBA189A00F02D0F /* Exam1012Tests.xctest */ = {isa = PBXFileReference; explicitFileType = wrapper.cfbundle; includeInIndex = 0; path = Exam1012Tests.xctest; sourceTree = BUILT_PRODUCTS_DIR; };
		CE060C7D2CBA189A00F02D0F /* Exam1012Tests.swift */ = {isa = PBXFileReference; lastKnownFileType = sourcecode.swift; path = Exam1012Tests.swift; sourceTree = "<group>"; };
		CE060C832CBA189B00F02D0F /* Exam1012UITests.xctest */ = {isa = PBXFileReference; explicitFileType = wrapper.cfbundle; includeInIndex = 0; path = Exam1012UITests.xctest; sourceTree = BUILT_PRODUCTS_DIR; };
		CE060C872CBA189B00F02D0F /* Exam1012UITests.swift */ = {isa = PBXFileReference; lastKnownFileType = sourcecode.swift; path = Exam1012UITests.swift; sourceTree = "<group>"; };
		CE060C892CBA189B00F02D0F /* Exam1012UITestsLaunchTests.swift */ = {isa = PBXFileReference; lastKnownFileType = sourcecode.swift; path = Exam1012UITestsLaunchTests.swift; sourceTree = "<group>"; };
/* End PBXFileReference section */

/* Begin PBXFrameworksBuildPhase section */
		CE060C662CBA189800F02D0F /* Frameworks */ = {
			isa = PBXFrameworksBuildPhase;
			buildActionMask = 2147483647;
			files = (
			);
			runOnlyForDeploymentPostprocessing = 0;
		};
		CE060C762CBA189A00F02D0F /* Frameworks */ = {
			isa = PBXFrameworksBuildPhase;
			buildActionMask = 2147483647;
			files = (
			);
			runOnlyForDeploymentPostprocessing = 0;
		};
		CE060C802CBA189A00F02D0F /* Frameworks */ = {
			isa = PBXFrameworksBuildPhase;
			buildActionMask = 2147483647;
			files = (
			);
			runOnlyForDeploymentPostprocessing = 0;
		};
/* End PBXFrameworksBuildPhase section */

/* Begin PBXGroup section */
		CE060C602CBA189800F02D0F = {
			isa = PBXGroup;
			children = (
				CE060C6B2CBA189800F02D0F /* Exam1012 */,
				CE060C7C2CBA189A00F02D0F /* Exam1012Tests */,
				CE060C862CBA189B00F02D0F /* Exam1012UITests */,
				CE060C6A2CBA189800F02D0F /* Products */,
			);
			sourceTree = "<group>";
		};
		CE060C6A2CBA189800F02D0F /* Products */ = {
			isa = PBXGroup;
			children = (
				CE060C692CBA189800F02D0F /* Exam1012.app */,
				CE060C792CBA189A00F02D0F /* Exam1012Tests.xctest */,
				CE060C832CBA189B00F02D0F /* Exam1012UITests.xctest */,
			);
			name = Products;
			sourceTree = "<group>";
		};
		CE060C6B2CBA189800F02D0F /* Exam1012 */ = {
			isa = PBXGroup;
			children = (
				CE060C6C2CBA189800F02D0F /* Exam1012App.swift */,
				CE060C6E2CBA189800F02D0F /* ContentView.swift */,
				CE060C702CBA189A00F02D0F /* Assets.xcassets */,
				CE060C722CBA189A00F02D0F /* Preview Content */,
			);
			path = Exam1012;
			sourceTree = "<group>";
		};
		CE060C722CBA189A00F02D0F /* Preview Content */ = {
			isa = PBXGroup;
			children = (
				CE060C732CBA189A00F02D0F /* Preview Assets.xcassets */,
			);
			path = "Preview Content";
			sourceTree = "<group>";
		};
		CE060C7C2CBA189A00F02D0F /* Exam1012Tests */ = {
			isa = PBXGroup;
			children = (
				CE060C7D2CBA189A00F02D0F /* Exam1012Tests.swift */,
			);
			path = Exam1012Tests;
			sourceTree = "<group>";
		};
		CE060C862CBA189B00F02D0F /* Exam1012UITests */ = {
			isa = PBXGroup;
			children = (
				CE060C872CBA189B00F02D0F /* Exam1012UITests.swift */,
				CE060C892CBA189B00F02D0F /* Exam1012UITestsLaunchTests.swift */,
			);
			path = Exam1012UITests;
			sourceTree = "<group>";
		};
/* End PBXGroup section */

/* Begin PBXNativeTarget section */
		CE060C682CBA189800F02D0F /* Exam1012 */ = {
			isa = PBXNativeTarget;
			buildConfigurationList = CE060C8D2CBA189B00F02D0F /* Build configuration list for PBXNativeTarget "Exam1012" */;
			buildPhases = (
				CE060C652CBA189800F02D0F /* Sources */,
				CE060C662CBA189800F02D0F /* Frameworks */,
				CE060C672CBA189800F02D0F /* Resources */,
			);
			buildRules = (
			);
			dependencies = (
			);
			name = Exam1012;
			productName = Exam1012;
			productReference = CE060C692CBA189800F02D0F /* Exam1012.app */;
			productType = "com.apple.product-type.application";
		};
		CE060C782CBA189A00F02D0F /* Exam1012Tests */ = {
			isa = PBXNativeTarget;
			buildConfigurationList = CE060C902CBA189B00F02D0F /* Build configuration list for PBXNativeTarget "Exam1012Tests" */;
			buildPhases = (
				CE060C752CBA189A00F02D0F /* Sources */,
				CE060C762CBA189A00F02D0F /* Frameworks */,
				CE060C772CBA189A00F02D0F /* Resources */,
			);
			buildRules = (
			);
			dependencies = (
				CE060C7B2CBA189A00F02D0F /* PBXTargetDependency */,
			);
			name = Exam1012Tests;
			productName = Exam1012Tests;
			productReference = CE060C792CBA189A00F02D0F /* Exam1012Tests.xctest */;
			productType = "com.apple.product-type.bundle.unit-test";
		};
		CE060C822CBA189A00F02D0F /* Exam1012UITests */ = {
			isa = PBXNativeTarget;
			buildConfigurationList = CE060C932CBA189B00F02D0F /* Build configuration list for PBXNativeTarget "Exam1012UITests" */;
			buildPhases = (
				CE060C7F2CBA189A00F02D0F /* Sources */,
				CE060C802CBA189A00F02D0F /* Frameworks */,
				CE060C812CBA189A00F02D0F /* Resources */,
			);
			buildRules = (
			);
			dependencies = (
				CE060C852CBA189B00F02D0F /* PBXTargetDependency */,
			);
			name = Exam1012UITests;
			productName = Exam1012UITests;
			productReference = CE060C832CBA189B00F02D0F /* Exam1012UITests.xctest */;
			productType = "com.apple.product-type.bundle.ui-testing";
		};
/* End PBXNativeTarget section */

/* Begin PBXProject section */
		CE060C612CBA189800F02D0F /* Project object */ = {
			isa = PBXProject;
			attributes = {
				BuildIndependentTargetsInParallel = 1;
				LastSwiftUpdateCheck = 1520;
				LastUpgradeCheck = 1520;
				TargetAttributes = {
					CE060C682CBA189800F02D0F = {
						CreatedOnToolsVersion = 15.2;
					};
					CE060C782CBA189A00F02D0F = {
						CreatedOnToolsVersion = 15.2;
						TestTargetID = CE060C682CBA189800F02D0F;
					};
					CE060C822CBA189A00F02D0F = {
						CreatedOnToolsVersion = 15.2;
						TestTargetID = CE060C682CBA189800F02D0F;
					};
				};
			};
			buildConfigurationList = CE060C642CBA189800F02D0F /* Build configuration list for PBXProject "Exam1012" */;
			compatibilityVersion = "Xcode 14.0";
			developmentRegion = en;
			hasScannedForEncodings = 0;
			knownRegions = (
				en,
				Base,
			);
			mainGroup = CE060C602CBA189800F02D0F;
			productRefGroup = CE060C6A2CBA189800F02D0F /* Products */;
			projectDirPath = "";
			projectRoot = "";
			targets = (
				CE060C682CBA189800F02D0F /* Exam1012 */,
				CE060C782CBA189A00F02D0F /* Exam1012Tests */,
				CE060C822CBA189A00F02D0F /* Exam1012UITests */,
			);
		};
/* End PBXProject section */

/* Begin PBXResourcesBuildPhase section */
		CE060C672CBA189800F02D0F /* Resources */ = {
			isa = PBXResourcesBuildPhase;
			buildActionMask = 2147483647;
			files = (
				CE060C742CBA189A00F02D0F /* Preview Assets.xcassets in Resources */,
				CE060C712CBA189A00F02D0F /* Assets.xcassets in Resources */,
			);
			runOnlyForDeploymentPostprocessing = 0;
		};
		CE060C772CBA189A00F02D0F /* Resources */ = {
			isa = PBXResourcesBuildPhase;
			buildActionMask = 2147483647;
			files = (
			);
			runOnlyForDeploymentPostprocessing = 0;
		};
		CE060C812CBA189A00F02D0F /* Resources */ = {
			isa = PBXResourcesBuildPhase;
			buildActionMask = 2147483647;
			files = (
			);
			runOnlyForDeploymentPostprocessing = 0;
		};
/* End PBXResourcesBuildPhase section */

/* Begin PBXSourcesBuildPhase section */
		CE060C652CBA189800F02D0F /* Sources */ = {
			isa = PBXSourcesBuildPhase;
			buildActionMask = 2147483647;
			files = (
				CE060C6F2CBA189800F02D0F /* ContentView.swift in Sources */,
				CE060C6D2CBA189800F02D0F /* Exam1012App.swift in Sources */,
			);
			runOnlyForDeploymentPostprocessing = 0;
		};
		CE060C752CBA189A00F02D0F /* Sources */ = {
			isa = PBXSourcesBuildPhase;
			buildActionMask = 2147483647;
			files = (
				CE060C7E2CBA189A00F02D0F /* Exam1012Tests.swift in Sources */,
			);
			runOnlyForDeploymentPostprocessing = 0;
		};
		CE060C7F2CBA189A00F02D0F /* Sources */ = {
			isa = PBXSourcesBuildPhase;
			buildActionMask = 2147483647;
			files = (
				CE060C8A2CBA189B00F02D0F /* Exam1012UITestsLaunchTests.swift in Sources */,
				CE060C882CBA189B00F02D0F /* Exam1012UITests.swift in Sources */,
			);
			runOnlyForDeploymentPostprocessing = 0;
		};
/* End PBXSourcesBuildPhase section */

/* Begin PBXTargetDependency section */
		CE060C7B2CBA189A00F02D0F /* PBXTargetDependency */ = {
			isa = PBXTargetDependency;
			target = CE060C682CBA189800F02D0F /* Exam1012 */;
			targetProxy = CE060C7A2CBA189A00F02D0F /* PBXContainerItemProxy */;
		};
		CE060C852CBA189B00F02D0F /* PBXTargetDependency */ = {
			isa = PBXTargetDependency;
			target = CE060C682CBA189800F02D0F /* Exam1012 */;
			targetProxy = CE060C842CBA189B00F02D0F /* PBXContainerItemProxy */;
		};
/* End PBXTargetDependency section */

/* Begin XCBuildConfiguration section */
		CE060C8B2CBA189B00F02D0F /* Debug */ = {
			isa = XCBuildConfiguration;
			buildSettings = {
				ALWAYS_SEARCH_USER_PATHS = NO;
				ASSETCATALOG_COMPILER_GENERATE_SWIFT_ASSET_SYMBOL_EXTENSIONS = YES;
				CLANG_ANALYZER_NONNULL = YES;
				CLANG_ANALYZER_NUMBER_OBJECT_CONVERSION = YES_AGGRESSIVE;
				CLANG_CXX_LANGUAGE_STANDARD = "gnu++20";
				CLANG_ENABLE_MODULES = YES;
				CLANG_ENABLE_OBJC_ARC = YES;
				CLANG_ENABLE_OBJC_WEAK = YES;
				CLANG_WARN_BLOCK_CAPTURE_AUTORELEASING = YES;
				CLANG_WARN_BOOL_CONVERSION = YES;
				CLANG_WARN_COMMA = YES;
				CLANG_WARN_CONSTANT_CONVERSION = YES;
				CLANG_WARN_DEPRECATED_OBJC_IMPLEMENTATIONS = YES;
				CLANG_WARN_DIRECT_OBJC_ISA_USAGE = YES_ERROR;
				CLANG_WARN_DOCUMENTATION_COMMENTS = YES;
				CLANG_WARN_EMPTY_BODY = YES;
				CLANG_WARN_ENUM_CONVERSION = YES;
				CLANG_WARN_INFINITE_RECURSION = YES;
				CLANG_WARN_INT_CONVERSION = YES;
				CLANG_WARN_NON_LITERAL_NULL_CONVERSION = YES;
				CLANG_WARN_OBJC_IMPLICIT_RETAIN_SELF = YES;
				CLANG_WARN_OBJC_LITERAL_CONVERSION = YES;
				CLANG_WARN_OBJC_ROOT_CLASS = YES_ERROR;
				CLANG_WARN_QUOTED_INCLUDE_IN_FRAMEWORK_HEADER = YES;
				CLANG_WARN_RANGE_LOOP_ANALYSIS = YES;
				CLANG_WARN_STRICT_PROTOTYPES = YES;
				CLANG_WARN_SUSPICIOUS_MOVE = YES;
				CLANG_WARN_UNGUARDED_AVAILABILITY = YES_AGGRESSIVE;
				CLANG_WARN_UNREACHABLE_CODE = YES;
				CLANG_WARN__DUPLICATE_METHOD_MATCH = YES;
				COPY_PHASE_STRIP = NO;
				DEBUG_INFORMATION_FORMAT = dwarf;
				ENABLE_STRICT_OBJC_MSGSEND = YES;
				ENABLE_TESTABILITY = YES;
				ENABLE_USER_SCRIPT_SANDBOXING = YES;
				GCC_C_LANGUAGE_STANDARD = gnu17;
				GCC_DYNAMIC_NO_PIC = NO;
				GCC_NO_COMMON_BLOCKS = YES;
				GCC_OPTIMIZATION_LEVEL = 0;
				GCC_PREPROCESSOR_DEFINITIONS = (
					"DEBUG=1",
					"$(inherited)",
				);
				GCC_WARN_64_TO_32_BIT_CONVERSION = YES;
				GCC_WARN_ABOUT_RETURN_TYPE = YES_ERROR;
				GCC_WARN_UNDECLARED_SELECTOR = YES;
				GCC_WARN_UNINITIALIZED_AUTOS = YES_AGGRESSIVE;
				GCC_WARN_UNUSED_FUNCTION = YES;
				GCC_WARN_UNUSED_VARIABLE = YES;
				IPHONEOS_DEPLOYMENT_TARGET = 17.2;
				LOCALIZATION_PREFERS_STRING_CATALOGS = YES;
				MTL_ENABLE_DEBUG_INFO = INCLUDE_SOURCE;
				MTL_FAST_MATH = YES;
				ONLY_ACTIVE_ARCH = YES;
				SDKROOT = iphoneos;
				SWIFT_ACTIVE_COMPILATION_CONDITIONS = "DEBUG $(inherited)";
				SWIFT_OPTIMIZATION_LEVEL = "-Onone";
			};
			name = Debug;
		};
		CE060C8C2CBA189B00F02D0F /* Release */ = {
			isa = XCBuildConfiguration;
			buildSettings = {
				ALWAYS_SEARCH_USER_PATHS = NO;
				ASSETCATALOG_COMPILER_GENERATE_SWIFT_ASSET_SYMBOL_EXTENSIONS = YES;
				CLANG_ANALYZER_NONNULL = YES;
				CLANG_ANALYZER_NUMBER_OBJECT_CONVERSION = YES_AGGRESSIVE;
				CLANG_CXX_LANGUAGE_STANDARD = "gnu++20";
				CLANG_ENABLE_MODULES = YES;
				CLANG_ENABLE_OBJC_ARC = YES;
				CLANG_ENABLE_OBJC_WEAK = YES;
				CLANG_WARN_BLOCK_CAPTURE_AUTORELEASING = YES;
				CLANG_WARN_BOOL_CONVERSION = YES;
				CLANG_WARN_COMMA = YES;
				CLANG_WARN_CONSTANT_CONVERSION = YES;
				CLANG_WARN_DEPRECATED_OBJC_IMPLEMENTATIONS = YES;
				CLANG_WARN_DIRECT_OBJC_ISA_USAGE = YES_ERROR;
				CLANG_WARN_DOCUMENTATION_COMMENTS = YES;
				CLANG_WARN_EMPTY_BODY = YES;
				CLANG_WARN_ENUM_CONVERSION = YES;
				CLANG_WARN_INFINITE_RECURSION = YES;
				CLANG_WARN_INT_CONVERSION = YES;
				CLANG_WARN_NON_LITERAL_NULL_CONVERSION = YES;
				CLANG_WARN_OBJC_IMPLICIT_RETAIN_SELF = YES;
				CLANG_WARN_OBJC_LITERAL_CONVERSION = YES;
				CLANG_WARN_OBJC_ROOT_CLASS = YES_ERROR;
				CLANG_WARN_QUOTED_INCLUDE_IN_FRAMEWORK_HEADER = YES;
				CLANG_WARN_RANGE_LOOP_ANALYSIS = YES;
				CLANG_WARN_STRICT_PROTOTYPES = YES;
				CLANG_WARN_SUSPICIOUS_MOVE = YES;
				CLANG_WARN_UNGUARDED_AVAILABILITY = YES_AGGRESSIVE;
				CLANG_WARN_UNREACHABLE_CODE = YES;
				CLANG_WARN__DUPLICATE_METHOD_MATCH = YES;
				COPY_PHASE_STRIP = NO;
				DEBUG_INFORMATION_FORMAT = "dwarf-with-dsym";
				ENABLE_NS_ASSERTIONS = NO;
				ENABLE_STRICT_OBJC_MSGSEND = YES;
				ENABLE_USER_SCRIPT_SANDBOXING = YES;
				GCC_C_LANGUAGE_STANDARD = gnu17;
				GCC_NO_COMMON_BLOCKS = YES;
				GCC_WARN_64_TO_32_BIT_CONVERSION = YES;
				GCC_WARN_ABOUT_RETURN_TYPE = YES_ERROR;
				GCC_WARN_UNDECLARED_SELECTOR = YES;
				GCC_WARN_UNINITIALIZED_AUTOS = YES_AGGRESSIVE;
				GCC_WARN_UNUSED_FUNCTION = YES;
				GCC_WARN_UNUSED_VARIABLE = YES;
				IPHONEOS_DEPLOYMENT_TARGET = 17.2;
				LOCALIZATION_PREFERS_STRING_CATALOGS = YES;
				MTL_ENABLE_DEBUG_INFO = NO;
				MTL_FAST_MATH = YES;
				SDKROOT = iphoneos;
				SWIFT_COMPILATION_MODE = wholemodule;
				VALIDATE_PRODUCT = YES;
			};
			name = Release;
		};
		CE060C8E2CBA189B00F02D0F /* Debug */ = {
			isa = XCBuildConfiguration;
			buildSettings = {
				ASSETCATALOG_COMPILER_APPICON_NAME = AppIcon;
				ASSETCATALOG_COMPILER_GLOBAL_ACCENT_COLOR_NAME = AccentColor;
				CODE_SIGN_STYLE = Automatic;
				CURRENT_PROJECT_VERSION = 1;
				DEVELOPMENT_ASSET_PATHS = "\"Exam1012/Preview Content\"";
				ENABLE_PREVIEWS = YES;
				GENERATE_INFOPLIST_FILE = YES;
				INFOPLIST_KEY_UIApplicationSceneManifest_Generation = YES;
				INFOPLIST_KEY_UIApplicationSupportsIndirectInputEvents = YES;
				INFOPLIST_KEY_UILaunchScreen_Generation = YES;
				INFOPLIST_KEY_UISupportedInterfaceOrientations_iPad = "UIInterfaceOrientationPortrait UIInterfaceOrientationPortraitUpsideDown UIInterfaceOrientationLandscapeLeft UIInterfaceOrientationLandscapeRight";
				INFOPLIST_KEY_UISupportedInterfaceOrientations_iPhone = "UIInterfaceOrientationPortrait UIInterfaceOrientationLandscapeLeft UIInterfaceOrientationLandscapeRight";
				LD_RUNPATH_SEARCH_PATHS = (
					"$(inherited)",
					"@executable_path/Frameworks",
				);
				MARKETING_VERSION = 1.0;
				PRODUCT_BUNDLE_IDENTIFIER = nke.Exam1012;
				PRODUCT_NAME = "$(TARGET_NAME)";
				SWIFT_EMIT_LOC_STRINGS = YES;
				SWIFT_VERSION = 5.0;
				TARGETED_DEVICE_FAMILY = "1,2";
			};
			name = Debug;
		};
		CE060C8F2CBA189B00F02D0F /* Release */ = {
			isa = XCBuildConfiguration;
			buildSettings = {
				ASSETCATALOG_COMPILER_APPICON_NAME = AppIcon;
				ASSETCATALOG_COMPILER_GLOBAL_ACCENT_COLOR_NAME = AccentColor;
				CODE_SIGN_STYLE = Automatic;
				CURRENT_PROJECT_VERSION = 1;
				DEVELOPMENT_ASSET_PATHS = "\"Exam1012/Preview Content\"";
				ENABLE_PREVIEWS = YES;
				GENERATE_INFOPLIST_FILE = YES;
				INFOPLIST_KEY_UIApplicationSceneManifest_Generation = YES;
				INFOPLIST_KEY_UIApplicationSupportsIndirectInputEvents = YES;
				INFOPLIST_KEY_UILaunchScreen_Generation = YES;
				INFOPLIST_KEY_UISupportedInterfaceOrientations_iPad = "UIInterfaceOrientationPortrait UIInterfaceOrientationPortraitUpsideDown UIInterfaceOrientationLandscapeLeft UIInterfaceOrientationLandscapeRight";
				INFOPLIST_KEY_UISupportedInterfaceOrientations_iPhone = "UIInterfaceOrientationPortrait UIInterfaceOrientationLandscapeLeft UIInterfaceOrientationLandscapeRight";
				LD_RUNPATH_SEARCH_PATHS = (
					"$(inherited)",
					"@executable_path/Frameworks",
				);
				MARKETING_VERSION = 1.0;
				PRODUCT_BUNDLE_IDENTIFIER = nke.Exam1012;
				PRODUCT_NAME = "$(TARGET_NAME)";
				SWIFT_EMIT_LOC_STRINGS = YES;
				SWIFT_VERSION = 5.0;
				TARGETED_DEVICE_FAMILY = "1,2";
			};
			name = Release;
		};
		CE060C912CBA189B00F02D0F /* Debug */ = {
			isa = XCBuildConfiguration;
			buildSettings = {
				ALWAYS_EMBED_SWIFT_STANDARD_LIBRARIES = YES;
				BUNDLE_LOADER = "$(TEST_HOST)";
				CODE_SIGN_STYLE = Automatic;
				CURRENT_PROJECT_VERSION = 1;
				GENERATE_INFOPLIST_FILE = YES;
				IPHONEOS_DEPLOYMENT_TARGET = 17.2;
				MARKETING_VERSION = 1.0;
				PRODUCT_BUNDLE_IDENTIFIER = nke.Exam1012Tests;
				PRODUCT_NAME = "$(TARGET_NAME)";
				SWIFT_EMIT_LOC_STRINGS = NO;
				SWIFT_VERSION = 5.0;
				TARGETED_DEVICE_FAMILY = "1,2";
				TEST_HOST = "$(BUILT_PRODUCTS_DIR)/Exam1012.app/$(BUNDLE_EXECUTABLE_FOLDER_PATH)/Exam1012";
			};
			name = Debug;
		};
		CE060C922CBA189B00F02D0F /* Release */ = {
			isa = XCBuildConfiguration;
			buildSettings = {
				ALWAYS_EMBED_SWIFT_STANDARD_LIBRARIES = YES;
				BUNDLE_LOADER = "$(TEST_HOST)";
				CODE_SIGN_STYLE = Automatic;
				CURRENT_PROJECT_VERSION = 1;
				GENERATE_INFOPLIST_FILE = YES;
				IPHONEOS_DEPLOYMENT_TARGET = 17.2;
				MARKETING_VERSION = 1.0;
				PRODUCT_BUNDLE_IDENTIFIER = nke.Exam1012Tests;
				PRODUCT_NAME = "$(TARGET_NAME)";
				SWIFT_EMIT_LOC_STRINGS = NO;
				SWIFT_VERSION = 5.0;
				TARGETED_DEVICE_FAMILY = "1,2";
				TEST_HOST = "$(BUILT_PRODUCTS_DIR)/Exam1012.app/$(BUNDLE_EXECUTABLE_FOLDER_PATH)/Exam1012";
			};
			name = Release;
		};
		CE060C942CBA189B00F02D0F /* Debug */ = {
			isa = XCBuildConfiguration;
			buildSettings = {
				ALWAYS_EMBED_SWIFT_STANDARD_LIBRARIES = YES;
				CODE_SIGN_STYLE = Automatic;
				CURRENT_PROJECT_VERSION = 1;
				GENERATE_INFOPLIST_FILE = YES;
				MARKETING_VERSION = 1.0;
				PRODUCT_BUNDLE_IDENTIFIER = nke.Exam1012UITests;
				PRODUCT_NAME = "$(TARGET_NAME)";
				SWIFT_EMIT_LOC_STRINGS = NO;
				SWIFT_VERSION = 5.0;
				TARGETED_DEVICE_FAMILY = "1,2";
				TEST_TARGET_NAME = Exam1012;
			};
			name = Debug;
		};
		CE060C952CBA189B00F02D0F /* Release */ = {
			isa = XCBuildConfiguration;
			buildSettings = {
				ALWAYS_EMBED_SWIFT_STANDARD_LIBRARIES = YES;
				CODE_SIGN_STYLE = Automatic;
				CURRENT_PROJECT_VERSION = 1;
				GENERATE_INFOPLIST_FILE = YES;
				MARKETING_VERSION = 1.0;
				PRODUCT_BUNDLE_IDENTIFIER = nke.Exam1012UITests;
				PRODUCT_NAME = "$(TARGET_NAME)";
				SWIFT_EMIT_LOC_STRINGS = NO;
				SWIFT_VERSION = 5.0;
				TARGETED_DEVICE_FAMILY = "1,2";
				TEST_TARGET_NAME = Exam1012;
			};
			name = Release;
		};
/* End XCBuildConfiguration section */

/* Begin XCConfigurationList section */
		CE060C642CBA189800F02D0F /* Build configuration list for PBXProject "Exam1012" */ = {
			isa = XCConfigurationList;
			buildConfigurations = (
				CE060C8B2CBA189B00F02D0F /* Debug */,
				CE060C8C2CBA189B00F02D0F /* Release */,
			);
			defaultConfigurationIsVisible = 0;
			defaultConfigurationName = Release;
		};
		CE060C8D2CBA189B00F02D0F /* Build configuration list for PBXNativeTarget "Exam1012" */ = {
			isa = XCConfigurationList;
			buildConfigurations = (
				CE060C8E2CBA189B00F02D0F /* Debug */,
				CE060C8F2CBA189B00F02D0F /* Release */,
			);
			defaultConfigurationIsVisible = 0;
			defaultConfigurationName = Release;
		};
		CE060C902CBA189B00F02D0F /* Build configuration list for PBXNativeTarget "Exam1012Tests" */ = {
			isa = XCConfigurationList;
			buildConfigurations = (
				CE060C912CBA189B00F02D0F /* Debug */,
				CE060C922CBA189B00F02D0F /* Release */,
			);
			defaultConfigurationIsVisible = 0;
			defaultConfigurationName = Release;
		};
		CE060C932CBA189B00F02D0F /* Build configuration list for PBXNativeTarget "Exam1012UITests" */ = {
			isa = XCConfigurationList;
			buildConfigurations = (
				CE060C942CBA189B00F02D0F /* Debug */,
				CE060C952CBA189B00F02D0F /* Release */,
			);
			defaultConfigurationIsVisible = 0;
			defaultConfigurationName = Release;
		};
/* End XCConfigurationList section */
	};
	rootObject = CE060C612CBA189800F02D0F /* Project object */;
}
